
Microsoft Visual Studio Solution File, Format Version 12.00
# Visual Studio Version 17
VisualStudioVersion = 17.0.31903.59
MinimumVisualStudioVersion = 10.0.40219.1
Project("{2150E333-8FDC-42A3-9474-1A3956D46DE8}") = "src", "src", "{22258709-3977-4D8B-BF61-931AC318529E}"
EndProject
Project("{FAE04EC0-301F-11D3-BF4B-00C04F79EFBC}") = "AuctionService", "src\AuctionService\AuctionService.csproj", "{6C4BC0E1-F41B-4405-929F-A9ABA2DC48BD}"
EndProject
Project("{FAE04EC0-301F-11D3-BF4B-00C04F79EFBC}") = "SearchService", "src\SearchService\SearchService.csproj", "{A0D34A4E-D733-4DDE-94A4-7D4BF03E7C0D}"
EndProject
Project("{FAE04EC0-301F-11D3-BF4B-00C04F79EFBC}") = "Contracts", "src\Contracts\Contracts.csproj", "{30AC520F-82EC-4F9A-B0DC-D5D989958F1C}"
EndProject
Project("{FAE04EC0-301F-11D3-BF4B-00C04F79EFBC}") = "IdentityService", "src\IdentityService\IdentityService.csproj", "{F70E22A6-9177-45F0-8D1E-A51076E01EA1}"
EndProject
Project("{FAE04EC0-301F-11D3-BF4B-00C04F79EFBC}") = "GatewayService", "src\GatewayService\GatewayService.csproj", "{012BB411-5B73-456F-914C-63743628E555}"
EndProject
Global
	GlobalSection(SolutionConfigurationPlatforms) = preSolution
		Debug|Any CPU = Debug|Any CPU
		Release|Any CPU = Release|Any CPU
	EndGlobalSection
	GlobalSection(SolutionProperties) = preSolution
		HideSolutionNode = FALSE
	EndGlobalSection
	GlobalSection(ProjectConfigurationPlatforms) = postSolution
		{6C4BC0E1-F41B-4405-929F-A9ABA2DC48BD}.Debug|Any CPU.ActiveCfg = Debug|Any CPU
		{6C4BC0E1-F41B-4405-929F-A9ABA2DC48BD}.Debug|Any CPU.Build.0 = Debug|Any CPU
		{6C4BC0E1-F41B-4405-929F-A9ABA2DC48BD}.Release|Any CPU.ActiveCfg = Release|Any CPU
		{6C4BC0E1-F41B-4405-929F-A9ABA2DC48BD}.Release|Any CPU.Build.0 = Release|Any CPU
		{A0D34A4E-D733-4DDE-94A4-7D4BF03E7C0D}.Debug|Any CPU.ActiveCfg = Debug|Any CPU
		{A0D34A4E-D733-4DDE-94A4-7D4BF03E7C0D}.Debug|Any CPU.Build.0 = Debug|Any CPU
		{A0D34A4E-D733-4DDE-94A4-7D4BF03E7C0D}.Release|Any CPU.ActiveCfg = Release|Any CPU
		{A0D34A4E-D733-4DDE-94A4-7D4BF03E7C0D}.Release|Any CPU.Build.0 = Release|Any CPU
		{30AC520F-82EC-4F9A-B0DC-D5D989958F1C}.Debug|Any CPU.ActiveCfg = Debug|Any CPU
		{30AC520F-82EC-4F9A-B0DC-D5D989958F1C}.Debug|Any CPU.Build.0 = Debug|Any CPU
		{30AC520F-82EC-4F9A-B0DC-D5D989958F1C}.Release|Any CPU.ActiveCfg = Release|Any CPU
		{30AC520F-82EC-4F9A-B0DC-D5D989958F1C}.Release|Any CPU.Build.0 = Release|Any CPU
		{F70E22A6-9177-45F0-8D1E-A51076E01EA1}.Debug|Any CPU.ActiveCfg = Debug|Any CPU
		{F70E22A6-9177-45F0-8D1E-A51076E01EA1}.Debug|Any CPU.Build.0 = Debug|Any CPU
		{F70E22A6-9177-45F0-8D1E-A51076E01EA1}.Release|Any CPU.ActiveCfg = Release|Any CPU
		{F70E22A6-9177-45F0-8D1E-A51076E01EA1}.Release|Any CPU.Build.0 = Release|Any CPU
		{012BB411-5B73-456F-914C-63743628E555}.Debug|Any CPU.ActiveCfg = Debug|Any CPU
		{012BB411-5B73-456F-914C-63743628E555}.Debug|Any CPU.Build.0 = Debug|Any CPU
		{012BB411-5B73-456F-914C-63743628E555}.Release|Any CPU.ActiveCfg = Release|Any CPU
		{012BB411-5B73-456F-914C-63743628E555}.Release|Any CPU.Build.0 = Release|Any CPU
	EndGlobalSection
	GlobalSection(NestedProjects) = preSolution
		{6C4BC0E1-F41B-4405-929F-A9ABA2DC48BD} = {22258709-3977-4D8B-BF61-931AC318529E}
		{A0D34A4E-D733-4DDE-94A4-7D4BF03E7C0D} = {22258709-3977-4D8B-BF61-931AC318529E}
		{30AC520F-82EC-4F9A-B0DC-D5D989958F1C} = {22258709-3977-4D8B-BF61-931AC318529E}
		{F70E22A6-9177-45F0-8D1E-A51076E01EA1} = {22258709-3977-4D8B-BF61-931AC318529E}
		{012BB411-5B73-456F-914C-63743628E555} = {22258709-3977-4D8B-BF61-931AC318529E}
	EndGlobalSection
EndGlobal
